// !$*UTF8*$!
{
	archiveVersion = 1;
	classes = {
	};
	objectVersion = 56;
	objects = {

/* Begin PBXBuildFile section */
		7FB976D929F446AF00F59A3B /* AppDelegate.swift in Sources */ = {isa = PBXBuildFile; fileRef = 7FB976D829F446AF00F59A3B /* AppDelegate.swift */; };
		7FB976DB29F446AF00F59A3B /* SceneDelegate.swift in Sources */ = {isa = PBXBuildFile; fileRef = 7FB976DA29F446AF00F59A3B /* SceneDelegate.swift */; };
		7FB976DD29F446AF00F59A3B /* WelcomViewController.swift in Sources */ = {isa = PBXBuildFile; fileRef = 7FB976DC29F446AF00F59A3B /* WelcomViewController.swift */; };
		7FB976E029F446AF00F59A3B /* Welcom.storyboard in Resources */ = {isa = PBXBuildFile; fileRef = 7FB976DE29F446AF00F59A3B /* Welcom.storyboard */; };
		7FB976E229F446B000F59A3B /* Assets.xcassets in Resources */ = {isa = PBXBuildFile; fileRef = 7FB976E129F446B000F59A3B /* Assets.xcassets */; };
		7FB976E529F446B000F59A3B /* LaunchScreen.storyboard in Resources */ = {isa = PBXBuildFile; fileRef = 7FB976E329F446B000F59A3B /* LaunchScreen.storyboard */; };
		7FB976F029F448D000F59A3B /* DateService.swift in Sources */ = {isa = PBXBuildFile; fileRef = 7FB976EF29F448D000F59A3B /* DateService.swift */; };
		7FB976F229F448DC00F59A3B /* WeatherService.swift in Sources */ = {isa = PBXBuildFile; fileRef = 7FB976F129F448DC00F59A3B /* WeatherService.swift */; };
		7FB976F729F44F4A00F59A3B /* WelcomPresenter.swift in Sources */ = {isa = PBXBuildFile; fileRef = 7FB976F629F44F4A00F59A3B /* WelcomPresenter.swift */; };
		7FB976F929F4500F00F59A3B /* WelcomRouter.swift in Sources */ = {isa = PBXBuildFile; fileRef = 7FB976F829F4500F00F59A3B /* WelcomRouter.swift */; };
		7FB976FB29F4509400F59A3B /* WelcomInteractor.swift in Sources */ = {isa = PBXBuildFile; fileRef = 7FB976FA29F4509400F59A3B /* WelcomInteractor.swift */; };
		7FB976FD29F450DF00F59A3B /* WelcomModulBuilder.swift in Sources */ = {isa = PBXBuildFile; fileRef = 7FB976FC29F450DF00F59A3B /* WelcomModulBuilder.swift */; };
		7FB9770429F45D9E00F59A3B /* ImageViewerModuleBuilder.swift in Sources */ = {isa = PBXBuildFile; fileRef = 7FB976FF29F45D9E00F59A3B /* ImageViewerModuleBuilder.swift */; };
		7FB9770529F45D9E00F59A3B /* ImageViewerPresenter.swift in Sources */ = {isa = PBXBuildFile; fileRef = 7FB9770029F45D9E00F59A3B /* ImageViewerPresenter.swift */; };
		7FB9770629F45D9E00F59A3B /* ImageViewerRouter.swift in Sources */ = {isa = PBXBuildFile; fileRef = 7FB9770129F45D9E00F59A3B /* ImageViewerRouter.swift */; };
		7FB9770729F45D9E00F59A3B /* ImageViewerViewController.swift in Sources */ = {isa = PBXBuildFile; fileRef = 7FB9770229F45D9E00F59A3B /* ImageViewerViewController.swift */; };
		7FB9770829F45D9E00F59A3B /* ImageViewerInteractor.swift in Sources */ = {isa = PBXBuildFile; fileRef = 7FB9770329F45D9E00F59A3B /* ImageViewerInteractor.swift */; };
		7FB9770A29F45DCE00F59A3B /* ImageViewer.storyboard in Resources */ = {isa = PBXBuildFile; fileRef = 7FB9770929F45DCE00F59A3B /* ImageViewer.storyboard */; };
/* End PBXBuildFile section */

/* Begin PBXFileReference section */
		7FB976D529F446AF00F59A3B /* simple_VIPER.app */ = {isa = PBXFileReference; explicitFileType = wrapper.application; includeInIndex = 0; path = simple_VIPER.app; sourceTree = BUILT_PRODUCTS_DIR; };
		7FB976D829F446AF00F59A3B /* AppDelegate.swift */ = {isa = PBXFileReference; lastKnownFileType = sourcecode.swift; path = AppDelegate.swift; sourceTree = "<group>"; };
		7FB976DA29F446AF00F59A3B /* SceneDelegate.swift */ = {isa = PBXFileReference; lastKnownFileType = sourcecode.swift; path = SceneDelegate.swift; sourceTree = "<group>"; };
		7FB976DC29F446AF00F59A3B /* WelcomViewController.swift */ = {isa = PBXFileReference; lastKnownFileType = sourcecode.swift; path = WelcomViewController.swift; sourceTree = "<group>"; };
		7FB976DF29F446AF00F59A3B /* Base */ = {isa = PBXFileReference; lastKnownFileType = file.storyboard; name = Base; path = Base.lproj/Welcom.storyboard; sourceTree = "<group>"; };
		7FB976E129F446B000F59A3B /* Assets.xcassets */ = {isa = PBXFileReference; lastKnownFileType = folder.assetcatalog; path = Assets.xcassets; sourceTree = "<group>"; };
		7FB976E429F446B000F59A3B /* Base */ = {isa = PBXFileReference; lastKnownFileType = file.storyboard; name = Base; path = Base.lproj/LaunchScreen.storyboard; sourceTree = "<group>"; };
		7FB976E629F446B000F59A3B /* Info.plist */ = {isa = PBXFileReference; lastKnownFileType = text.plist.xml; path = Info.plist; sourceTree = "<group>"; };
		7FB976EF29F448D000F59A3B /* DateService.swift */ = {isa = PBXFileReference; lastKnownFileType = sourcecode.swift; path = DateService.swift; sourceTree = "<group>"; };
		7FB976F129F448DC00F59A3B /* WeatherService.swift */ = {isa = PBXFileReference; lastKnownFileType = sourcecode.swift; path = WeatherService.swift; sourceTree = "<group>"; };
		7FB976F629F44F4A00F59A3B /* WelcomPresenter.swift */ = {isa = PBXFileReference; lastKnownFileType = sourcecode.swift; path = WelcomPresenter.swift; sourceTree = "<group>"; };
		7FB976F829F4500F00F59A3B /* WelcomRouter.swift */ = {isa = PBXFileReference; lastKnownFileType = sourcecode.swift; path = WelcomRouter.swift; sourceTree = "<group>"; };
		7FB976FA29F4509400F59A3B /* WelcomInteractor.swift */ = {isa = PBXFileReference; lastKnownFileType = sourcecode.swift; path = WelcomInteractor.swift; sourceTree = "<group>"; };
		7FB976FC29F450DF00F59A3B /* WelcomModulBuilder.swift */ = {isa = PBXFileReference; lastKnownFileType = sourcecode.swift; path = WelcomModulBuilder.swift; sourceTree = "<group>"; };
		7FB976FF29F45D9E00F59A3B /* ImageViewerModuleBuilder.swift */ = {isa = PBXFileReference; lastKnownFileType = sourcecode.swift; path = ImageViewerModuleBuilder.swift; sourceTree = "<group>"; };
		7FB9770029F45D9E00F59A3B /* ImageViewerPresenter.swift */ = {isa = PBXFileReference; lastKnownFileType = sourcecode.swift; path = ImageViewerPresenter.swift; sourceTree = "<group>"; };
		7FB9770129F45D9E00F59A3B /* ImageViewerRouter.swift */ = {isa = PBXFileReference; lastKnownFileType = sourcecode.swift; path = ImageViewerRouter.swift; sourceTree = "<group>"; };
		7FB9770229F45D9E00F59A3B /* ImageViewerViewController.swift */ = {isa = PBXFileReference; lastKnownFileType = sourcecode.swift; path = ImageViewerViewController.swift; sourceTree = "<group>"; };
		7FB9770329F45D9E00F59A3B /* ImageViewerInteractor.swift */ = {isa = PBXFileReference; lastKnownFileType = sourcecode.swift; path = ImageViewerInteractor.swift; sourceTree = "<group>"; };
		7FB9770929F45DCE00F59A3B /* ImageViewer.storyboard */ = {isa = PBXFileReference; lastKnownFileType = file.storyboard; path = ImageViewer.storyboard; sourceTree = "<group>"; };
/* End PBXFileReference section */

/* Begin PBXFrameworksBuildPhase section */
		7FB976D229F446AF00F59A3B /* Frameworks */ = {
			isa = PBXFrameworksBuildPhase;
			buildActionMask = 2147483647;
			files = (
			);
			runOnlyForDeploymentPostprocessing = 0;
		};
/* End PBXFrameworksBuildPhase section */

/* Begin PBXGroup section */
		7FB976CC29F446AF00F59A3B = {
			isa = PBXGroup;
			children = (
				7FB976D729F446AF00F59A3B /* simple_VIPER */,
				7FB976D629F446AF00F59A3B /* Products */,
			);
			sourceTree = "<group>";
		};
		7FB976D629F446AF00F59A3B /* Products */ = {
			isa = PBXGroup;
			children = (
				7FB976D529F446AF00F59A3B /* simple_VIPER.app */,
			);
			name = Products;
			sourceTree = "<group>";
		};
		7FB976D729F446AF00F59A3B /* simple_VIPER */ = {
			isa = PBXGroup;
			children = (
				7FB976EE29F448B700F59A3B /* API */,
				7FB976EC29F4484300F59A3B /* Application */,
				7FB976ED29F4487500F59A3B /* Resource */,
				7FB976F429F44A4000F59A3B /* Screens */,
			);
			path = simple_VIPER;
			sourceTree = "<group>";
		};
		7FB976EC29F4484300F59A3B /* Application */ = {
			isa = PBXGroup;
			children = (
				7FB976E329F446B000F59A3B /* LaunchScreen.storyboard */,
				7FB976D829F446AF00F59A3B /* AppDelegate.swift */,
				7FB976DA29F446AF00F59A3B /* SceneDelegate.swift */,
				7FB976E629F446B000F59A3B /* Info.plist */,
			);
			path = Application;
			sourceTree = "<group>";
		};
		7FB976ED29F4487500F59A3B /* Resource */ = {
			isa = PBXGroup;
			children = (
				7FB976E129F446B000F59A3B /* Assets.xcassets */,
			);
			path = Resource;
			sourceTree = "<group>";
		};
		7FB976EE29F448B700F59A3B /* API */ = {
			isa = PBXGroup;
			children = (
				7FB976EF29F448D000F59A3B /* DateService.swift */,
				7FB976F129F448DC00F59A3B /* WeatherService.swift */,
			);
			path = API;
			sourceTree = "<group>";
		};
		7FB976F429F44A4000F59A3B /* Screens */ = {
			isa = PBXGroup;
			children = (
				7FB976F529F44A6600F59A3B /* Welcom */,
				7FB976FE29F458D200F59A3B /* ImageViewer */,
			);
			path = Screens;
			sourceTree = "<group>";
		};
		7FB976F529F44A6600F59A3B /* Welcom */ = {
			isa = PBXGroup;
			children = (
				7FB976DC29F446AF00F59A3B /* WelcomViewController.swift */,
				7FB976DE29F446AF00F59A3B /* Welcom.storyboard */,
				7FB976FA29F4509400F59A3B /* WelcomInteractor.swift */,
				7FB976F629F44F4A00F59A3B /* WelcomPresenter.swift */,
				7FB976F829F4500F00F59A3B /* WelcomRouter.swift */,
				7FB976FC29F450DF00F59A3B /* WelcomModulBuilder.swift */,
			);
			path = Welcom;
			sourceTree = "<group>";
		};
		7FB976FE29F458D200F59A3B /* ImageViewer */ = {
			isa = PBXGroup;
			children = (
				7FB9770229F45D9E00F59A3B /* ImageViewerViewController.swift */,
				7FB9770929F45DCE00F59A3B /* ImageViewer.storyboard */,
				7FB9770329F45D9E00F59A3B /* ImageViewerInteractor.swift */,
				7FB9770029F45D9E00F59A3B /* ImageViewerPresenter.swift */,
				7FB9770129F45D9E00F59A3B /* ImageViewerRouter.swift */,
				7FB976FF29F45D9E00F59A3B /* ImageViewerModuleBuilder.swift */,
			);
			path = ImageViewer;
			sourceTree = "<group>";
		};
/* End PBXGroup section */

/* Begin PBXNativeTarget section */
		7FB976D429F446AF00F59A3B /* simple_VIPER */ = {
			isa = PBXNativeTarget;
			buildConfigurationList = 7FB976E929F446B000F59A3B /* Build configuration list for PBXNativeTarget "simple_VIPER" */;
			buildPhases = (
				7FB976D129F446AF00F59A3B /* Sources */,
				7FB976D229F446AF00F59A3B /* Frameworks */,
				7FB976D329F446AF00F59A3B /* Resources */,
			);
			buildRules = (
			);
			dependencies = (
			);
			name = simple_VIPER;
			productName = simple_VIPER;
			productReference = 7FB976D529F446AF00F59A3B /* simple_VIPER.app */;
			productType = "com.apple.product-type.application";
		};
/* End PBXNativeTarget section */

/* Begin PBXProject section */
		7FB976CD29F446AF00F59A3B /* Project object */ = {
			isa = PBXProject;
			attributes = {
				BuildIndependentTargetsInParallel = 1;
				LastSwiftUpdateCheck = 1430;
				LastUpgradeCheck = 1430;
				TargetAttributes = {
					7FB976D429F446AF00F59A3B = {
						CreatedOnToolsVersion = 14.3;
					};
				};
			};
			buildConfigurationList = 7FB976D029F446AF00F59A3B /* Build configuration list for PBXProject "simple_VIPER" */;
			compatibilityVersion = "Xcode 14.0";
			developmentRegion = en;
			hasScannedForEncodings = 0;
			knownRegions = (
				en,
				Base,
			);
			mainGroup = 7FB976CC29F446AF00F59A3B;
			productRefGroup = 7FB976D629F446AF00F59A3B /* Products */;
			projectDirPath = "";
			projectRoot = "";
			targets = (
				7FB976D429F446AF00F59A3B /* simple_VIPER */,
			);
		};
/* End PBXProject section */

/* Begin PBXResourcesBuildPhase section */
		7FB976D329F446AF00F59A3B /* Resources */ = {
			isa = PBXResourcesBuildPhase;
			buildActionMask = 2147483647;
			files = (
				7FB976E529F446B000F59A3B /* LaunchScreen.storyboard in Resources */,
				7FB976E229F446B000F59A3B /* Assets.xcassets in Resources */,
				7FB9770A29F45DCE00F59A3B /* ImageViewer.storyboard in Resources */,
				7FB976E029F446AF00F59A3B /* Welcom.storyboard in Resources */,
			);
			runOnlyForDeploymentPostprocessing = 0;
		};
/* End PBXResourcesBuildPhase section */

/* Begin PBXSourcesBuildPhase section */
		7FB976D129F446AF00F59A3B /* Sources */ = {
			isa = PBXSourcesBuildPhase;
			buildActionMask = 2147483647;
			files = (
				7FB9770629F45D9E00F59A3B /* ImageViewerRouter.swift in Sources */,
				7FB976F229F448DC00F59A3B /* WeatherService.swift in Sources */,
				7FB9770729F45D9E00F59A3B /* ImageViewerViewController.swift in Sources */,
				7FB976F729F44F4A00F59A3B /* WelcomPresenter.swift in Sources */,
				7FB976DD29F446AF00F59A3B /* WelcomViewController.swift in Sources */,
				7FB9770529F45D9E00F59A3B /* ImageViewerPresenter.swift in Sources */,
				7FB976FB29F4509400F59A3B /* WelcomInteractor.swift in Sources */,
				7FB976F929F4500F00F59A3B /* WelcomRouter.swift in Sources */,
				7FB976FD29F450DF00F59A3B /* WelcomModulBuilder.swift in Sources */,
				7FB976D929F446AF00F59A3B /* AppDelegate.swift in Sources */,
				7FB976DB29F446AF00F59A3B /* SceneDelegate.swift in Sources */,
				7FB976F029F448D000F59A3B /* DateService.swift in Sources */,
				7FB9770829F45D9E00F59A3B /* ImageViewerInteractor.swift in Sources */,
				7FB9770429F45D9E00F59A3B /* ImageViewerModuleBuilder.swift in Sources */,
			);
			runOnlyForDeploymentPostprocessing = 0;
		};
/* End PBXSourcesBuildPhase section */

/* Begin PBXVariantGroup section */
		7FB976DE29F446AF00F59A3B /* Welcom.storyboard */ = {
			isa = PBXVariantGroup;
			children = (
				7FB976DF29F446AF00F59A3B /* Base */,
			);
			name = Welcom.storyboard;
			sourceTree = "<group>";
		};
		7FB976E329F446B000F59A3B /* LaunchScreen.storyboard */ = {
			isa = PBXVariantGroup;
			children = (
				7FB976E429F446B000F59A3B /* Base */,
			);
			name = LaunchScreen.storyboard;
			sourceTree = "<group>";
		};
/* End PBXVariantGroup section */

/* Begin XCBuildConfiguration section */
		7FB976E729F446B000F59A3B /* Debug */ = {
			isa = XCBuildConfiguration;
			buildSettings = {
				ALWAYS_SEARCH_USER_PATHS = NO;
				CLANG_ANALYZER_NONNULL = YES;
				CLANG_ANALYZER_NUMBER_OBJECT_CONVERSION = YES_AGGRESSIVE;
				CLANG_CXX_LANGUAGE_STANDARD = "gnu++20";
				CLANG_ENABLE_MODULES = YES;
				CLANG_ENABLE_OBJC_ARC = YES;
				CLANG_ENABLE_OBJC_WEAK = YES;
				CLANG_WARN_BLOCK_CAPTURE_AUTORELEASING = YES;
				CLANG_WARN_BOOL_CONVERSION = YES;
				CLANG_WARN_COMMA = YES;
				CLANG_WARN_CONSTANT_CONVERSION = YES;
				CLANG_WARN_DEPRECATED_OBJC_IMPLEMENTATIONS = YES;
				CLANG_WARN_DIRECT_OBJC_ISA_USAGE = YES_ERROR;
				CLANG_WARN_DOCUMENTATION_COMMENTS = YES;
				CLANG_WARN_EMPTY_BODY = YES;
				CLANG_WARN_ENUM_CONVERSION = YES;
				CLANG_WARN_INFINITE_RECURSION = YES;
				CLANG_WARN_INT_CONVERSION = YES;
				CLANG_WARN_NON_LITERAL_NULL_CONVERSION = YES;
				CLANG_WARN_OBJC_IMPLICIT_RETAIN_SELF = YES;
				CLANG_WARN_OBJC_LITERAL_CONVERSION = YES;
				CLANG_WARN_OBJC_ROOT_CLASS = YES_ERROR;
				CLANG_WARN_QUOTED_INCLUDE_IN_FRAMEWORK_HEADER = YES;
				CLANG_WARN_RANGE_LOOP_ANALYSIS = YES;
				CLANG_WARN_STRICT_PROTOTYPES = YES;
				CLANG_WARN_SUSPICIOUS_MOVE = YES;
				CLANG_WARN_UNGUARDED_AVAILABILITY = YES_AGGRESSIVE;
				CLANG_WARN_UNREACHABLE_CODE = YES;
				CLANG_WARN__DUPLICATE_METHOD_MATCH = YES;
				COPY_PHASE_STRIP = NO;
				DEBUG_INFORMATION_FORMAT = dwarf;
				ENABLE_STRICT_OBJC_MSGSEND = YES;
				ENABLE_TESTABILITY = YES;
				GCC_C_LANGUAGE_STANDARD = gnu11;
				GCC_DYNAMIC_NO_PIC = NO;
				GCC_NO_COMMON_BLOCKS = YES;
				GCC_OPTIMIZATION_LEVEL = 0;
				GCC_PREPROCESSOR_DEFINITIONS = (
					"DEBUG=1",
					"$(inherited)",
				);
				GCC_WARN_64_TO_32_BIT_CONVERSION = YES;
				GCC_WARN_ABOUT_RETURN_TYPE = YES_ERROR;
				GCC_WARN_UNDECLARED_SELECTOR = YES;
				GCC_WARN_UNINITIALIZED_AUTOS = YES_AGGRESSIVE;
				GCC_WARN_UNUSED_FUNCTION = YES;
				GCC_WARN_UNUSED_VARIABLE = YES;
				IPHONEOS_DEPLOYMENT_TARGET = 16.4;
				MTL_ENABLE_DEBUG_INFO = INCLUDE_SOURCE;
				MTL_FAST_MATH = YES;
				ONLY_ACTIVE_ARCH = YES;
				SDKROOT = iphoneos;
				SWIFT_ACTIVE_COMPILATION_CONDITIONS = DEBUG;
				SWIFT_OPTIMIZATION_LEVEL = "-Onone";
			};
			name = Debug;
		};
		7FB976E829F446B000F59A3B /* Release */ = {
			isa = XCBuildConfiguration;
			buildSettings = {
				ALWAYS_SEARCH_USER_PATHS = NO;
				CLANG_ANALYZER_NONNULL = YES;
				CLANG_ANALYZER_NUMBER_OBJECT_CONVERSION = YES_AGGRESSIVE;
				CLANG_CXX_LANGUAGE_STANDARD = "gnu++20";
				CLANG_ENABLE_MODULES = YES;
				CLANG_ENABLE_OBJC_ARC = YES;
				CLANG_ENABLE_OBJC_WEAK = YES;
				CLANG_WARN_BLOCK_CAPTURE_AUTORELEASING = YES;
				CLANG_WARN_BOOL_CONVERSION = YES;
				CLANG_WARN_COMMA = YES;
				CLANG_WARN_CONSTANT_CONVERSION = YES;
				CLANG_WARN_DEPRECATED_OBJC_IMPLEMENTATIONS = YES;
				CLANG_WARN_DIRECT_OBJC_ISA_USAGE = YES_ERROR;
				CLANG_WARN_DOCUMENTATION_COMMENTS = YES;
				CLANG_WARN_EMPTY_BODY = YES;
				CLANG_WARN_ENUM_CONVERSION = YES;
				CLANG_WARN_INFINITE_RECURSION = YES;
				CLANG_WARN_INT_CONVERSION = YES;
				CLANG_WARN_NON_LITERAL_NULL_CONVERSION = YES;
				CLANG_WARN_OBJC_IMPLICIT_RETAIN_SELF = YES;
				CLANG_WARN_OBJC_LITERAL_CONVERSION = YES;
				CLANG_WARN_OBJC_ROOT_CLASS = YES_ERROR;
				CLANG_WARN_QUOTED_INCLUDE_IN_FRAMEWORK_HEADER = YES;
				CLANG_WARN_RANGE_LOOP_ANALYSIS = YES;
				CLANG_WARN_STRICT_PROTOTYPES = YES;
				CLANG_WARN_SUSPICIOUS_MOVE = YES;
				CLANG_WARN_UNGUARDED_AVAILABILITY = YES_AGGRESSIVE;
				CLANG_WARN_UNREACHABLE_CODE = YES;
				CLANG_WARN__DUPLICATE_METHOD_MATCH = YES;
				COPY_PHASE_STRIP = NO;
				DEBUG_INFORMATION_FORMAT = "dwarf-with-dsym";
				ENABLE_NS_ASSERTIONS = NO;
				ENABLE_STRICT_OBJC_MSGSEND = YES;
				GCC_C_LANGUAGE_STANDARD = gnu11;
				GCC_NO_COMMON_BLOCKS = YES;
				GCC_WARN_64_TO_32_BIT_CONVERSION = YES;
				GCC_WARN_ABOUT_RETURN_TYPE = YES_ERROR;
				GCC_WARN_UNDECLARED_SELECTOR = YES;
				GCC_WARN_UNINITIALIZED_AUTOS = YES_AGGRESSIVE;
				GCC_WARN_UNUSED_FUNCTION = YES;
				GCC_WARN_UNUSED_VARIABLE = YES;
				IPHONEOS_DEPLOYMENT_TARGET = 16.4;
				MTL_ENABLE_DEBUG_INFO = NO;
				MTL_FAST_MATH = YES;
				SDKROOT = iphoneos;
				SWIFT_COMPILATION_MODE = wholemodule;
				SWIFT_OPTIMIZATION_LEVEL = "-O";
				VALIDATE_PRODUCT = YES;
			};
			name = Release;
		};
		7FB976EA29F446B000F59A3B /* Debug */ = {
			isa = XCBuildConfiguration;
			buildSettings = {
				ASSETCATALOG_COMPILER_APPICON_NAME = AppIcon;
				ASSETCATALOG_COMPILER_GLOBAL_ACCENT_COLOR_NAME = AccentColor;
				CODE_SIGN_STYLE = Automatic;
				CURRENT_PROJECT_VERSION = 1;
				DEVELOPMENT_TEAM = CSS48FCS24;
				GENERATE_INFOPLIST_FILE = YES;
				INFOPLIST_FILE = simple_VIPER/Application/Info.plist;
				INFOPLIST_KEY_UIApplicationSupportsIndirectInputEvents = YES;
				INFOPLIST_KEY_UILaunchStoryboardName = LaunchScreen;
				INFOPLIST_KEY_UIMainStoryboardFile = Welcom;
				INFOPLIST_KEY_UISupportedInterfaceOrientations_iPad = "UIInterfaceOrientationPortrait UIInterfaceOrientationPortraitUpsideDown UIInterfaceOrientationLandscapeLeft UIInterfaceOrientationLandscapeRight";
				INFOPLIST_KEY_UISupportedInterfaceOrientations_iPhone = "UIInterfaceOrientationPortrait UIInterfaceOrientationLandscapeLeft UIInterfaceOrientationLandscapeRight";
				LD_RUNPATH_SEARCH_PATHS = (
					"$(inherited)",
					"@executable_path/Frameworks",
				);
				MARKETING_VERSION = 1.0;
				PRODUCT_BUNDLE_IDENTIFIER = "git.simple-VIPER";
				PRODUCT_NAME = "$(TARGET_NAME)";
				SWIFT_EMIT_LOC_STRINGS = YES;
				SWIFT_VERSION = 5.0;
				TARGETED_DEVICE_FAMILY = "1,2";
			};
			name = Debug;
		};
		7FB976EB29F446B000F59A3B /* Release */ = {
			isa = XCBuildConfiguration;
			buildSettings = {
				ASSETCATALOG_COMPILER_APPICON_NAME = AppIcon;
				ASSETCATALOG_COMPILER_GLOBAL_ACCENT_COLOR_NAME = AccentColor;
				CODE_SIGN_STYLE = Automatic;
				CURRENT_PROJECT_VERSION = 1;
				DEVELOPMENT_TEAM = CSS48FCS24;
				GENERATE_INFOPLIST_FILE = YES;
				INFOPLIST_FILE = simple_VIPER/Application/Info.plist;
				INFOPLIST_KEY_UIApplicationSupportsIndirectInputEvents = YES;
				INFOPLIST_KEY_UILaunchStoryboardName = LaunchScreen;
				INFOPLIST_KEY_UIMainStoryboardFile = Welcom;
				INFOPLIST_KEY_UISupportedInterfaceOrientations_iPad = "UIInterfaceOrientationPortrait UIInterfaceOrientationPortraitUpsideDown UIInterfaceOrientationLandscapeLeft UIInterfaceOrientationLandscapeRight";
				INFOPLIST_KEY_UISupportedInterfaceOrientations_iPhone = "UIInterfaceOrientationPortrait UIInterfaceOrientationLandscapeLeft UIInterfaceOrientationLandscapeRight";
				LD_RUNPATH_SEARCH_PATHS = (
					"$(inherited)",
					"@executable_path/Frameworks",
				);
				MARKETING_VERSION = 1.0;
				PRODUCT_BUNDLE_IDENTIFIER = "git.simple-VIPER";
				PRODUCT_NAME = "$(TARGET_NAME)";
				SWIFT_EMIT_LOC_STRINGS = YES;
				SWIFT_VERSION = 5.0;
				TARGETED_DEVICE_FAMILY = "1,2";
			};
			name = Release;
		};
/* End XCBuildConfiguration section */

/* Begin XCConfigurationList section */
		7FB976D029F446AF00F59A3B /* Build configuration list for PBXProject "simple_VIPER" */ = {
			isa = XCConfigurationList;
			buildConfigurations = (
				7FB976E729F446B000F59A3B /* Debug */,
				7FB976E829F446B000F59A3B /* Release */,
			);
			defaultConfigurationIsVisible = 0;
			defaultConfigurationName = Release;
		};
		7FB976E929F446B000F59A3B /* Build configuration list for PBXNativeTarget "simple_VIPER" */ = {
			isa = XCConfigurationList;
			buildConfigurations = (
				7FB976EA29F446B000F59A3B /* Debug */,
				7FB976EB29F446B000F59A3B /* Release */,
			);
			defaultConfigurationIsVisible = 0;
			defaultConfigurationName = Release;
		};
/* End XCConfigurationList section */
	};
	rootObject = 7FB976CD29F446AF00F59A3B /* Project object */;
}
